
Microsoft Visual Studio Solution File, Format Version 12.00
# Visual Studio Version 17
VisualStudioVersion = 17.13.35931.197 d17.13
MinimumVisualStudioVersion = 10.0.40219.1
Project("{FAE04EC0-301F-11D3-BF4B-00C04F79EFBC}") = "APICatalogo", "APICatalogo\APICatalogo.csproj", "{31AE431E-D2E1-4942-B2EE-E39BA170B484}"
EndProject
Global
	GlobalSection(SolutionConfigurationPlatforms) = preSolution
		Debug|Any CPU = Debug|Any CPU
		Release|Any CPU = Release|Any CPU
	EndGlobalSection
	GlobalSection(ProjectConfigurationPlatforms) = postSolution
		{31AE431E-D2E1-4942-B2EE-E39BA170B484}.Debug|Any CPU.ActiveCfg = Debug|Any CPU
		{31AE431E-D2E1-4942-B2EE-E39BA170B484}.Debug|Any CPU.Build.0 = Debug|Any CPU
		{31AE431E-D2E1-4942-B2EE-E39BA170B484}.Release|Any CPU.ActiveCfg = Release|Any CPU
		{31AE431E-D2E1-4942-B2EE-E39BA170B484}.Release|Any CPU.Build.0 = Release|Any CPU
	EndGlobalSection
	GlobalSection(SolutionProperties) = preSolution
		HideSolutionNode = FALSE
	EndGlobalSection
	GlobalSection(ExtensibilityGlobals) = postSolution
		SolutionGuid = {D8A0BC48-B5D1-49C3-B7E1-6C420ADC613A}
	EndGlobalSection
EndGlobal
